
Microsoft Visual Studio Solution File, Format Version 12.00
# Visual Studio 15
VisualStudioVersion = 15.0.27428.2037
MinimumVisualStudioVersion = 10.0.40219.1
Project("{FAE04EC0-301F-11D3-BF4B-00C04F79EFBC}") = "TeknikServis", "TeknikServis\TeknikServis.csproj", "{F9C03AE7-062F-4A18-8C58-CA3D4595FF63}"
EndProject
Project("{FAE04EC0-301F-11D3-BF4B-00C04F79EFBC}") = "Entity", "Entity\Entity.csproj", "{392527A8-3C4E-4358-8953-D03A66B23657}"
EndProject
Project("{FAE04EC0-301F-11D3-BF4B-00C04F79EFBC}") = "DAL", "DAL\DAL.csproj", "{3D17C684-2712-40F7-8846-A601BF0EA2A4}"
EndProject
Global
	GlobalSection(SolutionConfigurationPlatforms) = preSolution
		Debug|Any CPU = Debug|Any CPU
		Release|Any CPU = Release|Any CPU
	EndGlobalSection
	GlobalSection(ProjectConfigurationPlatforms) = postSolution
		{F9C03AE7-062F-4A18-8C58-CA3D4595FF63}.Debug|Any CPU.ActiveCfg = Debug|Any CPU
		{F9C03AE7-062F-4A18-8C58-CA3D4595FF63}.Debug|Any CPU.Build.0 = Debug|Any CPU
		{F9C03AE7-062F-4A18-8C58-CA3D4595FF63}.Release|Any CPU.ActiveCfg = Release|Any CPU
		{F9C03AE7-062F-4A18-8C58-CA3D4595FF63}.Release|Any CPU.Build.0 = Release|Any CPU
		{392527A8-3C4E-4358-8953-D03A66B23657}.Debug|Any CPU.ActiveCfg = Debug|Any CPU
		{392527A8-3C4E-4358-8953-D03A66B23657}.Debug|Any CPU.Build.0 = Debug|Any CPU
		{392527A8-3C4E-4358-8953-D03A66B23657}.Release|Any CPU.ActiveCfg = Release|Any CPU
		{392527A8-3C4E-4358-8953-D03A66B23657}.Release|Any CPU.Build.0 = Release|Any CPU
		{3D17C684-2712-40F7-8846-A601BF0EA2A4}.Debug|Any CPU.ActiveCfg = Debug|Any CPU
		{3D17C684-2712-40F7-8846-A601BF0EA2A4}.Debug|Any CPU.Build.0 = Debug|Any CPU
		{3D17C684-2712-40F7-8846-A601BF0EA2A4}.Release|Any CPU.ActiveCfg = Release|Any CPU
		{3D17C684-2712-40F7-8846-A601BF0EA2A4}.Release|Any CPU.Build.0 = Release|Any CPU
	EndGlobalSection
	GlobalSection(SolutionProperties) = preSolution
		HideSolutionNode = FALSE
	EndGlobalSection
	GlobalSection(ExtensibilityGlobals) = postSolution
		SolutionGuid = {FFBE5FD1-A92B-4919-91CE-F2CA70A42A48}
	EndGlobalSection
EndGlobal
